
Microsoft Visual Studio Solution File, Format Version 12.00
# Visual Studio Version 17
VisualStudioVersion = 17.8.34316.72
MinimumVisualStudioVersion = 10.0.40219.1
Project("{FAE04EC0-301F-11D3-BF4B-00C04F79EFBC}") = "BlazorCrm.Server", "BlazorCrm\Server\BlazorCrm.Server.csproj", "{7B2258CC-E892-4D00-9E4B-AE9E5C6CAA2E}"
EndProject
Project("{FAE04EC0-301F-11D3-BF4B-00C04F79EFBC}") = "BlazorCrm.Client", "BlazorCrm\Client\BlazorCrm.Client.csproj", "{98728DDC-4482-469B-99B5-182B5C653BEB}"
EndProject
Project("{FAE04EC0-301F-11D3-BF4B-00C04F79EFBC}") = "BlazorCrm.Shared", "BlazorCrm\Shared\BlazorCrm.Shared.csproj", "{DCC62CCF-3199-478E-A459-AE2943080E23}"
EndProject
Global
	GlobalSection(SolutionConfigurationPlatforms) = preSolution
		Debug|Any CPU = Debug|Any CPU
		Release|Any CPU = Release|Any CPU
	EndGlobalSection
	GlobalSection(ProjectConfigurationPlatforms) = postSolution
		{7B2258CC-E892-4D00-9E4B-AE9E5C6CAA2E}.Debug|Any CPU.ActiveCfg = Debug|Any CPU
		{7B2258CC-E892-4D00-9E4B-AE9E5C6CAA2E}.Debug|Any CPU.Build.0 = Debug|Any CPU
		{7B2258CC-E892-4D00-9E4B-AE9E5C6CAA2E}.Release|Any CPU.ActiveCfg = Release|Any CPU
		{7B2258CC-E892-4D00-9E4B-AE9E5C6CAA2E}.Release|Any CPU.Build.0 = Release|Any CPU
		{98728DDC-4482-469B-99B5-182B5C653BEB}.Debug|Any CPU.ActiveCfg = Debug|Any CPU
		{98728DDC-4482-469B-99B5-182B5C653BEB}.Debug|Any CPU.Build.0 = Debug|Any CPU
		{98728DDC-4482-469B-99B5-182B5C653BEB}.Release|Any CPU.ActiveCfg = Release|Any CPU
		{98728DDC-4482-469B-99B5-182B5C653BEB}.Release|Any CPU.Build.0 = Release|Any CPU
		{DCC62CCF-3199-478E-A459-AE2943080E23}.Debug|Any CPU.ActiveCfg = Debug|Any CPU
		{DCC62CCF-3199-478E-A459-AE2943080E23}.Debug|Any CPU.Build.0 = Debug|Any CPU
		{DCC62CCF-3199-478E-A459-AE2943080E23}.Release|Any CPU.ActiveCfg = Release|Any CPU
		{DCC62CCF-3199-478E-A459-AE2943080E23}.Release|Any CPU.Build.0 = Release|Any CPU
	EndGlobalSection
	GlobalSection(SolutionProperties) = preSolution
		HideSolutionNode = FALSE
	EndGlobalSection
	GlobalSection(ExtensibilityGlobals) = postSolution
		SolutionGuid = {2338CA80-A53F-43E4-9D00-FF1FF280DA75}
	EndGlobalSection
EndGlobal
